
Microsoft Visual Studio Solution File, Format Version 12.00
# Visual Studio 15
VisualStudioVersion = 15.0.27703.2035
MinimumVisualStudioVersion = 10.0.40219.1
Project("{888888A0-9F3D-457C-B088-3A5042F75D52}") = "SeleniumTestAutomation", "Automation\SeleniumTestAutomation.pyproj", "{6F5AB99E-A948-4B9B-9BC9-6D8AC7D740AB}"
EndProject
Global
	GlobalSection(SolutionConfigurationPlatforms) = preSolution
		Debug|Any CPU = Debug|Any CPU
		Release|Any CPU = Release|Any CPU
	EndGlobalSection
	GlobalSection(ProjectConfigurationPlatforms) = postSolution
		{6F5AB99E-A948-4B9B-9BC9-6D8AC7D740AB}.Debug|Any CPU.ActiveCfg = Debug|Any CPU
		{6F5AB99E-A948-4B9B-9BC9-6D8AC7D740AB}.Release|Any CPU.ActiveCfg = Release|Any CPU
	EndGlobalSection
	GlobalSection(SolutionProperties) = preSolution
		HideSolutionNode = FALSE
	EndGlobalSection
	GlobalSection(ExtensibilityGlobals) = postSolution
		SolutionGuid = {E2F986A8-9747-4669-BDFA-20530F320E3B}
	EndGlobalSection
EndGlobal
